
Microsoft Visual Studio Solution File, Format Version 12.00
# Visual Studio Version 17
VisualStudioVersion = 17.10.35027.167
MinimumVisualStudioVersion = 10.0.40219.1
Project("{FAE04EC0-301F-11D3-BF4B-00C04F79EFBC}") = "影像期中__1", "影像期中__1\影像期中__1.csproj", "{EE8894EF-783B-4A30-B18A-8FCFBCBDBE9E}"
EndProject
Global
	GlobalSection(SolutionConfigurationPlatforms) = preSolution
		Debug|Any CPU = Debug|Any CPU
		Release|Any CPU = Release|Any CPU
	EndGlobalSection
	GlobalSection(ProjectConfigurationPlatforms) = postSolution
		{EE8894EF-783B-4A30-B18A-8FCFBCBDBE9E}.Debug|Any CPU.ActiveCfg = Debug|Any CPU
		{EE8894EF-783B-4A30-B18A-8FCFBCBDBE9E}.Debug|Any CPU.Build.0 = Debug|Any CPU
		{EE8894EF-783B-4A30-B18A-8FCFBCBDBE9E}.Release|Any CPU.ActiveCfg = Release|Any CPU
		{EE8894EF-783B-4A30-B18A-8FCFBCBDBE9E}.Release|Any CPU.Build.0 = Release|Any CPU
	EndGlobalSection
	GlobalSection(SolutionProperties) = preSolution
		HideSolutionNode = FALSE
	EndGlobalSection
	GlobalSection(ExtensibilityGlobals) = postSolution
		SolutionGuid = {10BCAAC1-47E7-4127-A8CF-BC6269844310}
	EndGlobalSection
EndGlobal
